
Microsoft Visual Studio Solution File, Format Version 12.00
# Visual Studio Version 17
VisualStudioVersion = 17.0.31912.275
MinimumVisualStudioVersion = 10.0.40219.1
Project("{FAE04EC0-301F-11D3-BF4B-00C04F79EFBC}") = "BackpackProblem", "BackpackProblem\BackpackProblem.csproj", "{2C9CF523-E603-43C6-911F-431A6A0C6E22}"
EndProject
Global
	GlobalSection(SolutionConfigurationPlatforms) = preSolution
		Debug|Any CPU = Debug|Any CPU
		Release|Any CPU = Release|Any CPU
	EndGlobalSection
	GlobalSection(ProjectConfigurationPlatforms) = postSolution
		{2C9CF523-E603-43C6-911F-431A6A0C6E22}.Debug|Any CPU.ActiveCfg = Debug|Any CPU
		{2C9CF523-E603-43C6-911F-431A6A0C6E22}.Debug|Any CPU.Build.0 = Debug|Any CPU
		{2C9CF523-E603-43C6-911F-431A6A0C6E22}.Release|Any CPU.ActiveCfg = Release|Any CPU
		{2C9CF523-E603-43C6-911F-431A6A0C6E22}.Release|Any CPU.Build.0 = Release|Any CPU
	EndGlobalSection
	GlobalSection(SolutionProperties) = preSolution
		HideSolutionNode = FALSE
	EndGlobalSection
	GlobalSection(ExtensibilityGlobals) = postSolution
		SolutionGuid = {2CFB218F-3EAE-473C-B1E7-E2FDEB0F9D77}
	EndGlobalSection
EndGlobal
